dependencies:
- name: postgresql
  repository: https://charts.bitnami.com/bitnami
  version: 16.7.15
- name: kafka
  repository: https://charts.bitnami.com/bitnami
  version: 32.3.1
digest: sha256:75c8d8130d54779f02c1818c1fad508f3a066fa3e2cdf85f7f3fb95951081769
generated: "2025-07-01T16:36:57.732739571Z"
