dependencies:
- name: postgresql
  repository: https://charts.bitnami.com/bitnami
  version: 15.5.0
- name: kafka
  repository: https://charts.bitnami.com/bitnami
  version: 29.1.2
digest: sha256:57402f13ea246b7ba2faf85f06fb6afdf78009dabfb4e578bb22fa04e5808eca
generated: "2024-05-29T12:52:32.848319078Z"
