dependencies:
- name: postgresql
  repository: https://charts.bitnami.com/bitnami
  version: 12.2.2
- name: kafka
  repository: https://charts.bitnami.com/bitnami
  version: 25.1.12
digest: sha256:9f235635c156c562f5feb911a0904c11d4f64ce15cd81df4c03cb998136c6247
generated: "2023-09-25T16:23:01.433570537Z"
